
Microsoft Visual Studio Solution File, Format Version 12.00
# Visual Studio 14
VisualStudioVersion = 14.0.23107.0
MinimumVisualStudioVersion = 10.0.40219.1
Project("{FAE04EC0-301F-11D3-BF4B-00C04F79EFBC}") = "Rosieks.VisualStudio.Angular", "Rosieks.VisualStudio.Angular\Rosieks.VisualStudio.Angular.csproj", "{8E8DD654-DA66-43B3-B8D1-AAAA82A0B89F}"
EndProject
Global
	GlobalSection(SolutionConfigurationPlatforms) = preSolution
		Debug|Any CPU = Debug|Any CPU
		Release|Any CPU = Release|Any CPU
	EndGlobalSection
	GlobalSection(ProjectConfigurationPlatforms) = postSolution
		{8E8DD654-DA66-43B3-B8D1-AAAA82A0B89F}.Debug|Any CPU.ActiveCfg = Debug|Any CPU
		{8E8DD654-DA66-43B3-B8D1-AAAA82A0B89F}.Debug|Any CPU.Build.0 = Debug|Any CPU
		{8E8DD654-DA66-43B3-B8D1-AAAA82A0B89F}.Release|Any CPU.ActiveCfg = Release|Any CPU
		{8E8DD654-DA66-43B3-B8D1-AAAA82A0B89F}.Release|Any CPU.Build.0 = Release|Any CPU
	EndGlobalSection
	GlobalSection(SolutionProperties) = preSolution
		HideSolutionNode = FALSE
	EndGlobalSection
EndGlobal
